# This file was autogenerated by Stack.
# You should not edit this file by hand.
# For more information, please see the documentation at:
#   https://docs.haskellstack.org/en/stable/lock_files

packages:
- completed:
    name: lzma-conduit
    version: 1.2.2
    git: https://github.com/nikita-volkov/lzma-conduit
    pantry-tree:
      size: 397
      sha256: 163fec235bc247a6a1804490672e7f375e18bbf4b64a5a607a0d64fceb48ba48
    commit: 3fbc7471441772c6907ceb7365fa8b5afcd72cbe
  original:
    git: https://github.com/nikita-volkov/lzma-conduit
    commit: 3fbc7471441772c6907ceb7365fa8b5afcd72cbe
- completed:
    hackage: vector-extras-0.2.6@sha256:695f171936613b45b37de497ab26cba772616e43b09d9c39f0008d168c1f7064,1883
    pantry-tree:
      size: 738
      sha256: 5a6485bf613ec35a3e13674563ddd00920dfb1040ad16af625793bdf665324a3
  original:
    hackage: vector-extras-0.2.6
snapshots:
- completed:
    size: 538913
    url: https://raw.githubusercontent.com/commercialhaskell/stackage-snapshots/master/nightly/2022/3/28.yaml
    sha256: b4fda0a9cf410660b08bdc7485925e7e89aa77071a14d3f67eeace63ce602a86
  original: nightly-2022-03-28
